dependencies:
- name: cassandra
  repository: https://charts.helm.sh/incubator
  version: 0.15.3
- name: elasticsearch
  repository: https://helm.elastic.co
  version: 7.17.3
- name: kafka
  repository: https://charts.bitnami.com/bitnami
  version: 18.4.4
- name: common
  repository: https://charts.bitnami.com/bitnami
  version: 1.16.0
digest: sha256:464183d31734ace2e326e2b54881d85d462b8cae00f334b5ee0dae691ea8aa05
generated: "2022-09-21T23:01:10.33033332Z"
